
Microsoft Visual Studio Solution File, Format Version 12.00
# Visual Studio Version 17
VisualStudioVersion = 17.12.35707.178
MinimumVisualStudioVersion = 10.0.40219.1
Project("{FAE04EC0-301F-11D3-BF4B-00C04F79EFBC}") = "PhoneUserKICB.DAL", "PhoneUserKICB.DAL\PhoneUserKICB.DAL.csproj", "{0152F653-14E7-4556-8D2F-D9BB8B055F32}"
EndProject
Project("{FAE04EC0-301F-11D3-BF4B-00C04F79EFBC}") = "PhoneUserKICB.BLL", "PhoneUserKICB.BLL\PhoneUserKICB.BLL.csproj", "{1286BB54-E006-4E4F-B258-91CCD3C677B0}"
EndProject
Project("{FAE04EC0-301F-11D3-BF4B-00C04F79EFBC}") = "PhoneUserKICB.PL", "PhoneUserKICB.PL\PhoneUserKICB.PL.csproj", "{FFFF6161-D53D-4A7A-B0CB-10B75D234C84}"
EndProject
Global
	GlobalSection(SolutionConfigurationPlatforms) = preSolution
		Debug|Any CPU = Debug|Any CPU
		Release|Any CPU = Release|Any CPU
	EndGlobalSection
	GlobalSection(ProjectConfigurationPlatforms) = postSolution
		{0152F653-14E7-4556-8D2F-D9BB8B055F32}.Debug|Any CPU.ActiveCfg = Debug|Any CPU
		{0152F653-14E7-4556-8D2F-D9BB8B055F32}.Debug|Any CPU.Build.0 = Debug|Any CPU
		{0152F653-14E7-4556-8D2F-D9BB8B055F32}.Release|Any CPU.ActiveCfg = Release|Any CPU
		{0152F653-14E7-4556-8D2F-D9BB8B055F32}.Release|Any CPU.Build.0 = Release|Any CPU
		{1286BB54-E006-4E4F-B258-91CCD3C677B0}.Debug|Any CPU.ActiveCfg = Debug|Any CPU
		{1286BB54-E006-4E4F-B258-91CCD3C677B0}.Debug|Any CPU.Build.0 = Debug|Any CPU
		{1286BB54-E006-4E4F-B258-91CCD3C677B0}.Release|Any CPU.ActiveCfg = Release|Any CPU
		{1286BB54-E006-4E4F-B258-91CCD3C677B0}.Release|Any CPU.Build.0 = Release|Any CPU
		{FFFF6161-D53D-4A7A-B0CB-10B75D234C84}.Debug|Any CPU.ActiveCfg = Debug|Any CPU
		{FFFF6161-D53D-4A7A-B0CB-10B75D234C84}.Debug|Any CPU.Build.0 = Debug|Any CPU
		{FFFF6161-D53D-4A7A-B0CB-10B75D234C84}.Release|Any CPU.ActiveCfg = Release|Any CPU
		{FFFF6161-D53D-4A7A-B0CB-10B75D234C84}.Release|Any CPU.Build.0 = Release|Any CPU
	EndGlobalSection
	GlobalSection(SolutionProperties) = preSolution
		HideSolutionNode = FALSE
	EndGlobalSection
EndGlobal
